// !$*UTF8*$!
{
	archiveVersion = 1;
	classes = {
	};
	objectVersion = 46;
	objects = {

/* Begin PBXBuildFile section */
		9F0C49591C0C382D00C1073C /* IMMSlackerViewController.swift in Sources */ = {isa = PBXBuildFile; fileRef = 9F0C49581C0C382D00C1073C /* IMMSlackerViewController.swift */; };
		9F0C495C1C0C39DA00C1073C /* Constant.swift in Sources */ = {isa = PBXBuildFile; fileRef = 9F0C495B1C0C39DA00C1073C /* Constant.swift */; };
		9F0C49641C0C3BE600C1073C /* IMMSlackerMessageCenterAPI.swift in Sources */ = {isa = PBXBuildFile; fileRef = 9F0C49631C0C3BE600C1073C /* IMMSlackerMessageCenterAPI.swift */; };
		9F0C49681C0C3C1D00C1073C /* IMMSlackerSocketAPI.swift in Sources */ = {isa = PBXBuildFile; fileRef = 9F0C49671C0C3C1C00C1073C /* IMMSlackerSocketAPI.swift */; };
		9F0C496A1C0C3C3900C1073C /* IMMSlackerAPI.swift in Sources */ = {isa = PBXBuildFile; fileRef = 9F0C49691C0C3C3900C1073C /* IMMSlackerAPI.swift */; };
		9F30B87F1C0C34E600B8B66C /* AppDelegate.swift in Sources */ = {isa = PBXBuildFile; fileRef = 9F30B87E1C0C34E600B8B66C /* AppDelegate.swift */; };
		9F30B8811C0C34E600B8B66C /* ViewController.swift in Sources */ = {isa = PBXBuildFile; fileRef = 9F30B8801C0C34E600B8B66C /* ViewController.swift */; };
		9F30B8841C0C34E600B8B66C /* Main.storyboard in Resources */ = {isa = PBXBuildFile; fileRef = 9F30B8821C0C34E600B8B66C /* Main.storyboard */; };
		9F30B8861C0C34E600B8B66C /* Assets.xcassets in Resources */ = {isa = PBXBuildFile; fileRef = 9F30B8851C0C34E600B8B66C /* Assets.xcassets */; };
		9F30B8891C0C34E600B8B66C /* LaunchScreen.storyboard in Resources */ = {isa = PBXBuildFile; fileRef = 9F30B8871C0C34E600B8B66C /* LaunchScreen.storyboard */; };
		9F30B8941C0C34E600B8B66C /* IMMSlackerTests.swift in Sources */ = {isa = PBXBuildFile; fileRef = 9F30B8931C0C34E600B8B66C /* IMMSlackerTests.swift */; };
		9F30B89F1C0C34E600B8B66C /* IMMSlackerUITests.swift in Sources */ = {isa = PBXBuildFile; fileRef = 9F30B89E1C0C34E600B8B66C /* IMMSlackerUITests.swift */; };
		9F30B8AD1C0C353800B8B66C /* Podfile in Resources */ = {isa = PBXBuildFile; fileRef = 9F30B8AC1C0C353800B8B66C /* Podfile */; };
		B761D50257EA38105C20D9E2 /* Pods.framework in Frameworks */ = {isa = PBXBuildFile; fileRef = A1BF65DB4250B932026B3588 /* Pods.framework */; };
/* End PBXBuildFile section */

/* Begin PBXContainerItemProxy section */
		9F30B8901C0C34E600B8B66C /* PBXContainerItemProxy */ = {
			isa = PBXContainerItemProxy;
			containerPortal = 9F30B8731C0C34E600B8B66C /* Project object */;
			proxyType = 1;
			remoteGlobalIDString = 9F30B87A1C0C34E600B8B66C;
			remoteInfo = IMMSlacker;
		};
		9F30B89B1C0C34E600B8B66C /* PBXContainerItemProxy */ = {
			isa = PBXContainerItemProxy;
			containerPortal = 9F30B8731C0C34E600B8B66C /* Project object */;
			proxyType = 1;
			remoteGlobalIDString = 9F30B87A1C0C34E600B8B66C;
			remoteInfo = IMMSlacker;
		};
/* End PBXContainerItemProxy section */

/* Begin PBXFileReference section */
		89C4222A018466BCB7691648 /* Pods.debug.xcconfig */ = {isa = PBXFileReference; includeInIndex = 1; lastKnownFileType = text.xcconfig; name = Pods.debug.xcconfig; path = "Pods/Target Support Files/Pods/Pods.debug.xcconfig"; sourceTree = "<group>"; };
		9F0C49571C0C36D700C1073C /* IMMSlacker-Bridging-Header.h */ = {isa = PBXFileReference; lastKnownFileType = sourcecode.c.h; path = "IMMSlacker-Bridging-Header.h"; sourceTree = SOURCE_ROOT; };
		9F0C49581C0C382D00C1073C /* IMMSlackerViewController.swift */ = {isa = PBXFileReference; fileEncoding = 4; lastKnownFileType = sourcecode.swift; name = IMMSlackerViewController.swift; path = IMMSlacker/IMMSlackerViewController.swift; sourceTree = "<group>"; };
		9F0C495B1C0C39DA00C1073C /* Constant.swift */ = {isa = PBXFileReference; fileEncoding = 4; lastKnownFileType = sourcecode.swift; name = Constant.swift; path = IMMSlacker/Constant.swift; sourceTree = "<group>"; };
		9F0C49631C0C3BE600C1073C /* IMMSlackerMessageCenterAPI.swift */ = {isa = PBXFileReference; fileEncoding = 4; lastKnownFileType = sourcecode.swift; path = IMMSlackerMessageCenterAPI.swift; sourceTree = "<group>"; };
		9F0C49671C0C3C1C00C1073C /* IMMSlackerSocketAPI.swift */ = {isa = PBXFileReference; fileEncoding = 4; lastKnownFileType = sourcecode.swift; path = IMMSlackerSocketAPI.swift; sourceTree = "<group>"; };
		9F0C49691C0C3C3900C1073C /* IMMSlackerAPI.swift */ = {isa = PBXFileReference; fileEncoding = 4; lastKnownFileType = sourcecode.swift; path = IMMSlackerAPI.swift; sourceTree = "<group>"; };
		9F30B87B1C0C34E600B8B66C /* IMMSlacker.app */ = {isa = PBXFileReference; explicitFileType = wrapper.application; includeInIndex = 0; path = IMMSlacker.app; sourceTree = BUILT_PRODUCTS_DIR; };
		9F30B87E1C0C34E600B8B66C /* AppDelegate.swift */ = {isa = PBXFileReference; lastKnownFileType = sourcecode.swift; path = AppDelegate.swift; sourceTree = "<group>"; };
		9F30B8801C0C34E600B8B66C /* ViewController.swift */ = {isa = PBXFileReference; lastKnownFileType = sourcecode.swift; path = ViewController.swift; sourceTree = "<group>"; };
		9F30B8831C0C34E600B8B66C /* Base */ = {isa = PBXFileReference; lastKnownFileType = file.storyboard; name = Base; path = Base.lproj/Main.storyboard; sourceTree = "<group>"; };
		9F30B8851C0C34E600B8B66C /* Assets.xcassets */ = {isa = PBXFileReference; lastKnownFileType = folder.assetcatalog; path = Assets.xcassets; sourceTree = "<group>"; };
		9F30B8881C0C34E600B8B66C /* Base */ = {isa = PBXFileReference; lastKnownFileType = file.storyboard; name = Base; path = Base.lproj/LaunchScreen.storyboard; sourceTree = "<group>"; };
		9F30B88A1C0C34E600B8B66C /* Info.plist */ = {isa = PBXFileReference; lastKnownFileType = text.plist.xml; path = Info.plist; sourceTree = "<group>"; };
		9F30B88F1C0C34E600B8B66C /* IMMSlackerTests.xctest */ = {isa = PBXFileReference; explicitFileType = wrapper.cfbundle; includeInIndex = 0; path = IMMSlackerTests.xctest; sourceTree = BUILT_PRODUCTS_DIR; };
		9F30B8931C0C34E600B8B66C /* IMMSlackerTests.swift */ = {isa = PBXFileReference; lastKnownFileType = sourcecode.swift; path = IMMSlackerTests.swift; sourceTree = "<group>"; };
		9F30B8951C0C34E600B8B66C /* Info.plist */ = {isa = PBXFileReference; lastKnownFileType = text.plist.xml; path = Info.plist; sourceTree = "<group>"; };
		9F30B89A1C0C34E600B8B66C /* IMMSlackerUITests.xctest */ = {isa = PBXFileReference; explicitFileType = wrapper.cfbundle; includeInIndex = 0; path = IMMSlackerUITests.xctest; sourceTree = BUILT_PRODUCTS_DIR; };
		9F30B89E1C0C34E600B8B66C /* IMMSlackerUITests.swift */ = {isa = PBXFileReference; lastKnownFileType = sourcecode.swift; path = IMMSlackerUITests.swift; sourceTree = "<group>"; };
		9F30B8A01C0C34E600B8B66C /* Info.plist */ = {isa = PBXFileReference; lastKnownFileType = text.plist.xml; path = Info.plist; sourceTree = "<group>"; };
		9F30B8AC1C0C353800B8B66C /* Podfile */ = {isa = PBXFileReference; fileEncoding = 4; lastKnownFileType = text; path = Podfile; sourceTree = "<group>"; };
		A1BF65DB4250B932026B3588 /* Pods.framework */ = {isa = PBXFileReference; explicitFileType = wrapper.framework; includeInIndex = 0; path = Pods.framework; sourceTree = BUILT_PRODUCTS_DIR; };
		EDE42CBE068B19D7EE6AF3CA /* Pods.release.xcconfig */ = {isa = PBXFileReference; includeInIndex = 1; lastKnownFileType = text.xcconfig; name = Pods.release.xcconfig; path = "Pods/Target Support Files/Pods/Pods.release.xcconfig"; sourceTree = "<group>"; };
/* End PBXFileReference section */

/* Begin PBXFrameworksBuildPhase section */
		9F30B8781C0C34E600B8B66C /* Frameworks */ = {
			isa = PBXFrameworksBuildPhase;
			buildActionMask = 2147483647;
			files = (
				B761D50257EA38105C20D9E2 /* Pods.framework in Frameworks */,
			);
			runOnlyForDeploymentPostprocessing = 0;
		};
		9F30B88C1C0C34E600B8B66C /* Frameworks */ = {
			isa = PBXFrameworksBuildPhase;
			buildActionMask = 2147483647;
			files = (
			);
			runOnlyForDeploymentPostprocessing = 0;
		};
		9F30B8971C0C34E600B8B66C /* Frameworks */ = {
			isa = PBXFrameworksBuildPhase;
			buildActionMask = 2147483647;
			files = (
			);
			runOnlyForDeploymentPostprocessing = 0;
		};
/* End PBXFrameworksBuildPhase section */

/* Begin PBXGroup section */
		9F0C495A1C0C38CC00C1073C /* APIs */ = {
			isa = PBXGroup;
			children = (
				9F0C49631C0C3BE600C1073C /* IMMSlackerMessageCenterAPI.swift */,
				9F0C49691C0C3C3900C1073C /* IMMSlackerAPI.swift */,
				9F0C49671C0C3C1C00C1073C /* IMMSlackerSocketAPI.swift */,
			);
			name = APIs;
			sourceTree = "<group>";
		};
		9F30B8721C0C34E600B8B66C = {
			isa = PBXGroup;
			children = (
				9F0C495B1C0C39DA00C1073C /* Constant.swift */,
				9F0C49581C0C382D00C1073C /* IMMSlackerViewController.swift */,
				9F30B8AC1C0C353800B8B66C /* Podfile */,
				9F30B87D1C0C34E600B8B66C /* IMMSlacker */,
				9F30B8921C0C34E600B8B66C /* IMMSlackerTests */,
				9F30B89D1C0C34E600B8B66C /* IMMSlackerUITests */,
				9F30B87C1C0C34E600B8B66C /* Products */,
				D20B30779ED67A258F058EE0 /* Pods */,
				AF0587CEAF52B99592FAA27D /* Frameworks */,
			);
			sourceTree = "<group>";
		};
		9F30B87C1C0C34E600B8B66C /* Products */ = {
			isa = PBXGroup;
			children = (
				9F30B87B1C0C34E600B8B66C /* IMMSlacker.app */,
				9F30B88F1C0C34E600B8B66C /* IMMSlackerTests.xctest */,
				9F30B89A1C0C34E600B8B66C /* IMMSlackerUITests.xctest */,
			);
			name = Products;
			sourceTree = "<group>";
		};
		9F30B87D1C0C34E600B8B66C /* IMMSlacker */ = {
			isa = PBXGroup;
			children = (
				9F0C495A1C0C38CC00C1073C /* APIs */,
				9F30B87E1C0C34E600B8B66C /* AppDelegate.swift */,
				9F0C49571C0C36D700C1073C /* IMMSlacker-Bridging-Header.h */,
				9F30B8801C0C34E600B8B66C /* ViewController.swift */,
				9F30B8821C0C34E600B8B66C /* Main.storyboard */,
				9F30B8851C0C34E600B8B66C /* Assets.xcassets */,
				9F30B8871C0C34E600B8B66C /* LaunchScreen.storyboard */,
				9F30B88A1C0C34E600B8B66C /* Info.plist */,
			);
			path = IMMSlacker;
			sourceTree = "<group>";
		};
		9F30B8921C0C34E600B8B66C /* IMMSlackerTests */ = {
			isa = PBXGroup;
			children = (
				9F30B8931C0C34E600B8B66C /* IMMSlackerTests.swift */,
				9F30B8951C0C34E600B8B66C /* Info.plist */,
			);
			path = IMMSlackerTests;
			sourceTree = "<group>";
		};
		9F30B89D1C0C34E600B8B66C /* IMMSlackerUITests */ = {
			isa = PBXGroup;
			children = (
				9F30B89E1C0C34E600B8B66C /* IMMSlackerUITests.swift */,
				9F30B8A01C0C34E600B8B66C /* Info.plist */,
			);
			path = IMMSlackerUITests;
			sourceTree = "<group>";
		};
		AF0587CEAF52B99592FAA27D /* Frameworks */ = {
			isa = PBXGroup;
			children = (
				A1BF65DB4250B932026B3588 /* Pods.framework */,
			);
			name = Frameworks;
			sourceTree = "<group>";
		};
		D20B30779ED67A258F058EE0 /* Pods */ = {
			isa = PBXGroup;
			children = (
				89C4222A018466BCB7691648 /* Pods.debug.xcconfig */,
				EDE42CBE068B19D7EE6AF3CA /* Pods.release.xcconfig */,
			);
			name = Pods;
			sourceTree = "<group>";
		};
/* End PBXGroup section */

/* Begin PBXNativeTarget section */
		9F30B87A1C0C34E600B8B66C /* IMMSlacker */ = {
			isa = PBXNativeTarget;
			buildConfigurationList = 9F30B8A31C0C34E600B8B66C /* Build configuration list for PBXNativeTarget "IMMSlacker" */;
			buildPhases = (
				C2AE88CDA68B157A6AE1836E /* Check Pods Manifest.lock */,
				9F30B8771C0C34E600B8B66C /* Sources */,
				9F30B8781C0C34E600B8B66C /* Frameworks */,
				9F30B8791C0C34E600B8B66C /* Resources */,
				0CFBB7AE3062C40FE515DA5C /* Embed Pods Frameworks */,
				5977CEA6E8F60161C7F27EA8 /* Copy Pods Resources */,
			);
			buildRules = (
			);
			dependencies = (
			);
			name = IMMSlacker;
			productName = IMMSlacker;
			productReference = 9F30B87B1C0C34E600B8B66C /* IMMSlacker.app */;
			productType = "com.apple.product-type.application";
		};
		9F30B88E1C0C34E600B8B66C /* IMMSlackerTests */ = {
			isa = PBXNativeTarget;
			buildConfigurationList = 9F30B8A61C0C34E600B8B66C /* Build configuration list for PBXNativeTarget "IMMSlackerTests" */;
			buildPhases = (
				9F30B88B1C0C34E600B8B66C /* Sources */,
				9F30B88C1C0C34E600B8B66C /* Frameworks */,
				9F30B88D1C0C34E600B8B66C /* Resources */,
			);
			buildRules = (
			);
			dependencies = (
				9F30B8911C0C34E600B8B66C /* PBXTargetDependency */,
			);
			name = IMMSlackerTests;
			productName = IMMSlackerTests;
			productReference = 9F30B88F1C0C34E600B8B66C /* IMMSlackerTests.xctest */;
			productType = "com.apple.product-type.bundle.unit-test";
		};
		9F30B8991C0C34E600B8B66C /* IMMSlackerUITests */ = {
			isa = PBXNativeTarget;
			buildConfigurationList = 9F30B8A91C0C34E600B8B66C /* Build configuration list for PBXNativeTarget "IMMSlackerUITests" */;
			buildPhases = (
				9F30B8961C0C34E600B8B66C /* Sources */,
				9F30B8971C0C34E600B8B66C /* Frameworks */,
				9F30B8981C0C34E600B8B66C /* Resources */,
			);
			buildRules = (
			);
			dependencies = (
				9F30B89C1C0C34E600B8B66C /* PBXTargetDependency */,
			);
			name = IMMSlackerUITests;
			productName = IMMSlackerUITests;
			productReference = 9F30B89A1C0C34E600B8B66C /* IMMSlackerUITests.xctest */;
			productType = "com.apple.product-type.bundle.ui-testing";
		};
/* End PBXNativeTarget section */

/* Begin PBXProject section */
		9F30B8731C0C34E600B8B66C /* Project object */ = {
			isa = PBXProject;
			attributes = {
				LastSwiftUpdateCheck = 0710;
				LastUpgradeCheck = 0710;
				ORGANIZATIONNAME = "Cornell Wright";
				TargetAttributes = {
					9F30B87A1C0C34E600B8B66C = {
						CreatedOnToolsVersion = 7.1.1;
					};
					9F30B88E1C0C34E600B8B66C = {
						CreatedOnToolsVersion = 7.1.1;
						TestTargetID = 9F30B87A1C0C34E600B8B66C;
					};
					9F30B8991C0C34E600B8B66C = {
						CreatedOnToolsVersion = 7.1.1;
						TestTargetID = 9F30B87A1C0C34E600B8B66C;
					};
				};
			};
			buildConfigurationList = 9F30B8761C0C34E600B8B66C /* Build configuration list for PBXProject "IMMSlacker" */;
			compatibilityVersion = "Xcode 3.2";
			developmentRegion = English;
			hasScannedForEncodings = 0;
			knownRegions = (
				en,
				Base,
			);
			mainGroup = 9F30B8721C0C34E600B8B66C;
			productRefGroup = 9F30B87C1C0C34E600B8B66C /* Products */;
			projectDirPath = "";
			projectRoot = "";
			targets = (
				9F30B87A1C0C34E600B8B66C /* IMMSlacker */,
				9F30B88E1C0C34E600B8B66C /* IMMSlackerTests */,
				9F30B8991C0C34E600B8B66C /* IMMSlackerUITests */,
			);
		};
/* End PBXProject section */

/* Begin PBXResourcesBuildPhase section */
		9F30B8791C0C34E600B8B66C /* Resources */ = {
			isa = PBXResourcesBuildPhase;
			buildActionMask = 2147483647;
			files = (
				9F30B8891C0C34E600B8B66C /* LaunchScreen.storyboard in Resources */,
				9F30B8861C0C34E600B8B66C /* Assets.xcassets in Resources */,
				9F30B8AD1C0C353800B8B66C /* Podfile in Resources */,
				9F30B8841C0C34E600B8B66C /* Main.storyboard in Resources */,
			);
			runOnlyForDeploymentPostprocessing = 0;
		};
		9F30B88D1C0C34E600B8B66C /* Resources */ = {
			isa = PBXResourcesBuildPhase;
			buildActionMask = 2147483647;
			files = (
			);
			runOnlyForDeploymentPostprocessing = 0;
		};
		9F30B8981C0C34E600B8B66C /* Resources */ = {
			isa = PBXResourcesBuildPhase;
			buildActionMask = 2147483647;
			files = (
			);
			runOnlyForDeploymentPostprocessing = 0;
		};
/* End PBXResourcesBuildPhase section */

/* Begin PBXShellScriptBuildPhase section */
		0CFBB7AE3062C40FE515DA5C /* Embed Pods Frameworks */ = {
			isa = PBXShellScriptBuildPhase;
			buildActionMask = 2147483647;
			files = (
			);
			inputPaths = (
			);
			name = "Embed Pods Frameworks";
			outputPaths = (
			);
			runOnlyForDeploymentPostprocessing = 0;
			shellPath = /bin/sh;
			shellScript = "\"${SRCROOT}/Pods/Target Support Files/Pods/Pods-frameworks.sh\"\n";
			showEnvVarsInLog = 0;
		};
		5977CEA6E8F60161C7F27EA8 /* Copy Pods Resources */ = {
			isa = PBXShellScriptBuildPhase;
			buildActionMask = 2147483647;
			files = (
			);
			inputPaths = (
			);
			name = "Copy Pods Resources";
			outputPaths = (
			);
			runOnlyForDeploymentPostprocessing = 0;
			shellPath = /bin/sh;
			shellScript = "\"${SRCROOT}/Pods/Target Support Files/Pods/Pods-resources.sh\"\n";
			showEnvVarsInLog = 0;
		};
		C2AE88CDA68B157A6AE1836E /* Check Pods Manifest.lock */ = {
			isa = PBXShellScriptBuildPhase;
			buildActionMask = 2147483647;
			files = (
			);
			inputPaths = (
			);
			name = "Check Pods Manifest.lock";
			outputPaths = (
			);
			runOnlyForDeploymentPostprocessing = 0;
			shellPath = /bin/sh;
			shellScript = "diff \"${PODS_ROOT}/../Podfile.lock\" \"${PODS_ROOT}/Manifest.lock\" > /dev/null\nif [[ $? != 0 ]] ; then\n    cat << EOM\nerror: The sandbox is not in sync with the Podfile.lock. Run 'pod install' or update your CocoaPods installation.\nEOM\n    exit 1\nfi\n";
			showEnvVarsInLog = 0;
		};
/* End PBXShellScriptBuildPhase section */

/* Begin PBXSourcesBuildPhase section */
		9F30B8771C0C34E600B8B66C /* Sources */ = {
			isa = PBXSourcesBuildPhase;
			buildActionMask = 2147483647;
			files = (
				9F30B8811C0C34E600B8B66C /* ViewController.swift in Sources */,
				9F30B87F1C0C34E600B8B66C /* AppDelegate.swift in Sources */,
				9F0C49641C0C3BE600C1073C /* IMMSlackerMessageCenterAPI.swift in Sources */,
				9F0C496A1C0C3C3900C1073C /* IMMSlackerAPI.swift in Sources */,
				9F0C49591C0C382D00C1073C /* IMMSlackerViewController.swift in Sources */,
				9F0C495C1C0C39DA00C1073C /* Constant.swift in Sources */,
				9F0C49681C0C3C1D00C1073C /* IMMSlackerSocketAPI.swift in Sources */,
			);
			runOnlyForDeploymentPostprocessing = 0;
		};
		9F30B88B1C0C34E600B8B66C /* Sources */ = {
			isa = PBXSourcesBuildPhase;
			buildActionMask = 2147483647;
			files = (
				9F30B8941C0C34E600B8B66C /* IMMSlackerTests.swift in Sources */,
			);
			runOnlyForDeploymentPostprocessing = 0;
		};
		9F30B8961C0C34E600B8B66C /* Sources */ = {
			isa = PBXSourcesBuildPhase;
			buildActionMask = 2147483647;
			files = (
				9F30B89F1C0C34E600B8B66C /* IMMSlackerUITests.swift in Sources */,
			);
			runOnlyForDeploymentPostprocessing = 0;
		};
/* End PBXSourcesBuildPhase section */

/* Begin PBXTargetDependency section */
		9F30B8911C0C34E600B8B66C /* PBXTargetDependency */ = {
			isa = PBXTargetDependency;
			target = 9F30B87A1C0C34E600B8B66C /* IMMSlacker */;
			targetProxy = 9F30B8901C0C34E600B8B66C /* PBXContainerItemProxy */;
		};
		9F30B89C1C0C34E600B8B66C /* PBXTargetDependency */ = {
			isa = PBXTargetDependency;
			target = 9F30B87A1C0C34E600B8B66C /* IMMSlacker */;
			targetProxy = 9F30B89B1C0C34E600B8B66C /* PBXContainerItemProxy */;
		};
/* End PBXTargetDependency section */

/* Begin PBXVariantGroup section */
		9F30B8821C0C34E600B8B66C /* Main.storyboard */ = {
			isa = PBXVariantGroup;
			children = (
				9F30B8831C0C34E600B8B66C /* Base */,
			);
			name = Main.storyboard;
			sourceTree = "<group>";
		};
		9F30B8871C0C34E600B8B66C /* LaunchScreen.storyboard */ = {
			isa = PBXVariantGroup;
			children = (
				9F30B8881C0C34E600B8B66C /* Base */,
			);
			name = LaunchScreen.storyboard;
			sourceTree = "<group>";
		};
/* End PBXVariantGroup section */

/* Begin XCBuildConfiguration section */
		9F30B8A11C0C34E600B8B66C /* Debug */ = {
			isa = XCBuildConfiguration;
			buildSettings = {
				ALWAYS_SEARCH_USER_PATHS = NO;
				CLANG_CXX_LANGUAGE_STANDARD = "gnu++0x";
				CLANG_CXX_LIBRARY = "libc++";
				CLANG_ENABLE_MODULES = YES;
				CLANG_ENABLE_OBJC_ARC = YES;
				CLANG_WARN_BOOL_CONVERSION = YES;
				CLANG_WARN_CONSTANT_CONVERSION = YES;
				CLANG_WARN_DIRECT_OBJC_ISA_USAGE = YES_ERROR;
				CLANG_WARN_EMPTY_BODY = YES;
				CLANG_WARN_ENUM_CONVERSION = YES;
				CLANG_WARN_INT_CONVERSION = YES;
				CLANG_WARN_OBJC_ROOT_CLASS = YES_ERROR;
				CLANG_WARN_UNREACHABLE_CODE = YES;
				CLANG_WARN__DUPLICATE_METHOD_MATCH = YES;
				"CODE_SIGN_IDENTITY[sdk=iphoneos*]" = "iPhone Developer";
				COPY_PHASE_STRIP = NO;
				DEBUG_INFORMATION_FORMAT = dwarf;
				ENABLE_STRICT_OBJC_MSGSEND = YES;
				ENABLE_TESTABILITY = YES;
				GCC_C_LANGUAGE_STANDARD = gnu99;
				GCC_DYNAMIC_NO_PIC = NO;
				GCC_NO_COMMON_BLOCKS = YES;
				GCC_OPTIMIZATION_LEVEL = 0;
				GCC_PREPROCESSOR_DEFINITIONS = (
					"DEBUG=1",
					"$(inherited)",
				);
				GCC_WARN_64_TO_32_BIT_CONVERSION = YES;
				GCC_WARN_ABOUT_RETURN_TYPE = YES_ERROR;
				GCC_WARN_UNDECLARED_SELECTOR = YES;
				GCC_WARN_UNINITIALIZED_AUTOS = YES_AGGRESSIVE;
				GCC_WARN_UNUSED_FUNCTION = YES;
				GCC_WARN_UNUSED_VARIABLE = YES;
				IPHONEOS_DEPLOYMENT_TARGET = 9.1;
				MTL_ENABLE_DEBUG_INFO = YES;
				ONLY_ACTIVE_ARCH = YES;
				SDKROOT = iphoneos;
				SWIFT_OPTIMIZATION_LEVEL = "-Onone";
				TARGETED_DEVICE_FAMILY = "1,2";
			};
			name = Debug;
		};
		9F30B8A21C0C34E600B8B66C /* Release */ = {
			isa = XCBuildConfiguration;
			buildSettings = {
				ALWAYS_SEARCH_USER_PATHS = NO;
				CLANG_CXX_LANGUAGE_STANDARD = "gnu++0x";
				CLANG_CXX_LIBRARY = "libc++";
				CLANG_ENABLE_MODULES = YES;
				CLANG_ENABLE_OBJC_ARC = YES;
				CLANG_WARN_BOOL_CONVERSION = YES;
				CLANG_WARN_CONSTANT_CONVERSION = YES;
				CLANG_WARN_DIRECT_OBJC_ISA_USAGE = YES_ERROR;
				CLANG_WARN_EMPTY_BODY = YES;
				CLANG_WARN_ENUM_CONVERSION = YES;
				CLANG_WARN_INT_CONVERSION = YES;
				CLANG_WARN_OBJC_ROOT_CLASS = YES_ERROR;
				CLANG_WARN_UNREACHABLE_CODE = YES;
				CLANG_WARN__DUPLICATE_METHOD_MATCH = YES;
				"CODE_SIGN_IDENTITY[sdk=iphoneos*]" = "iPhone Developer";
				COPY_PHASE_STRIP = NO;
				DEBUG_INFORMATION_FORMAT = "dwarf-with-dsym";
				ENABLE_NS_ASSERTIONS = NO;
				ENABLE_STRICT_OBJC_MSGSEND = YES;
				GCC_C_LANGUAGE_STANDARD = gnu99;
				GCC_NO_COMMON_BLOCKS = YES;
				GCC_WARN_64_TO_32_BIT_CONVERSION = YES;
				GCC_WARN_ABOUT_RETURN_TYPE = YES_ERROR;
				GCC_WARN_UNDECLARED_SELECTOR = YES;
				GCC_WARN_UNINITIALIZED_AUTOS = YES_AGGRESSIVE;
				GCC_WARN_UNUSED_FUNCTION = YES;
				GCC_WARN_UNUSED_VARIABLE = YES;
				IPHONEOS_DEPLOYMENT_TARGET = 9.1;
				MTL_ENABLE_DEBUG_INFO = NO;
				SDKROOT = iphoneos;
				TARGETED_DEVICE_FAMILY = "1,2";
				VALIDATE_PRODUCT = YES;
			};
			name = Release;
		};
		9F30B8A41C0C34E600B8B66C /* Debug */ = {
			isa = XCBuildConfiguration;
			baseConfigurationReference = 89C4222A018466BCB7691648 /* Pods.debug.xcconfig */;
			buildSettings = {
				ASSETCATALOG_COMPILER_APPICON_NAME = AppIcon;
				INFOPLIST_FILE = IMMSlacker/Info.plist;
				LD_RUNPATH_SEARCH_PATHS = "$(inherited) @executable_path/Frameworks";
				PRODUCT_BUNDLE_IDENTIFIER = edu.cscie71.imm.app.IMMSlackerPlugin.IMMSlacker;
				PRODUCT_NAME = "$(TARGET_NAME)";
				SWIFT_OBJC_BRIDGING_HEADER = "IMMSlacker-Bridging-Header.h";
			};
			name = Debug;
		};
		9F30B8A51C0C34E600B8B66C /* Release */ = {
			isa = XCBuildConfiguration;
			baseConfigurationReference = EDE42CBE068B19D7EE6AF3CA /* Pods.release.xcconfig */;
			buildSettings = {
				ASSETCATALOG_COMPILER_APPICON_NAME = AppIcon;
				INFOPLIST_FILE = IMMSlacker/Info.plist;
				LD_RUNPATH_SEARCH_PATHS = "$(inherited) @executable_path/Frameworks";
				PRODUCT_BUNDLE_IDENTIFIER = edu.cscie71.imm.app.IMMSlackerPlugin.IMMSlacker;
				PRODUCT_NAME = "$(TARGET_NAME)";
				SWIFT_OBJC_BRIDGING_HEADER = "IMMSlacker-Bridging-Header.h";
			};
			name = Release;
		};
		9F30B8A71C0C34E600B8B66C /* Debug */ = {
			isa = XCBuildConfiguration;
			buildSettings = {
				BUNDLE_LOADER = "$(TEST_HOST)";
				INFOPLIST_FILE = IMMSlackerTests/Info.plist;
				LD_RUNPATH_SEARCH_PATHS = "$(inherited) @executable_path/Frameworks @loader_path/Frameworks";
				PRODUCT_BUNDLE_IDENTIFIER = edu.cscie71.imm.app.IMMSlackerPlugin.IMMSlackerTests;
				PRODUCT_NAME = "$(TARGET_NAME)";
				TEST_HOST = "$(BUILT_PRODUCTS_DIR)/IMMSlacker.app/IMMSlacker";
			};
			name = Debug;
		};
		9F30B8A81C0C34E600B8B66C /* Release */ = {
			isa = XCBuildConfiguration;
			buildSettings = {
				BUNDLE_LOADER = "$(TEST_HOST)";
				INFOPLIST_FILE = IMMSlackerTests/Info.plist;
				LD_RUNPATH_SEARCH_PATHS = "$(inherited) @executable_path/Frameworks @loader_path/Frameworks";
				PRODUCT_BUNDLE_IDENTIFIER = edu.cscie71.imm.app.IMMSlackerPlugin.IMMSlackerTests;
				PRODUCT_NAME = "$(TARGET_NAME)";
				TEST_HOST = "$(BUILT_PRODUCTS_DIR)/IMMSlacker.app/IMMSlacker";
			};
			name = Release;
		};
		9F30B8AA1C0C34E600B8B66C /* Debug */ = {
			isa = XCBuildConfiguration;
			buildSettings = {
				INFOPLIST_FILE = IMMSlackerUITests/Info.plist;
				LD_RUNPATH_SEARCH_PATHS = "$(inherited) @executable_path/Frameworks @loader_path/Frameworks";
				PRODUCT_BUNDLE_IDENTIFIER = edu.cscie71.imm.app.IMMSlackerPlugin.IMMSlackerUITests;
				PRODUCT_NAME = "$(TARGET_NAME)";
				TEST_TARGET_NAME = IMMSlacker;
				USES_XCTRUNNER = YES;
			};
			name = Debug;
		};
		9F30B8AB1C0C34E600B8B66C /* Release */ = {
			isa = XCBuildConfiguration;
			buildSettings = {
				INFOPLIST_FILE = IMMSlackerUITests/Info.plist;
				LD_RUNPATH_SEARCH_PATHS = "$(inherited) @executable_path/Frameworks @loader_path/Frameworks";
				PRODUCT_BUNDLE_IDENTIFIER = edu.cscie71.imm.app.IMMSlackerPlugin.IMMSlackerUITests;
				PRODUCT_NAME = "$(TARGET_NAME)";
				TEST_TARGET_NAME = IMMSlacker;
				USES_XCTRUNNER = YES;
			};
			name = Release;
		};
/* End XCBuildConfiguration section */

/* Begin XCConfigurationList section */
		9F30B8761C0C34E600B8B66C /* Build configuration list for PBXProject "IMMSlacker" */ = {
			isa = XCConfigurationList;
			buildConfigurations = (
				9F30B8A11C0C34E600B8B66C /* Debug */,
				9F30B8A21C0C34E600B8B66C /* Release */,
			);
			defaultConfigurationIsVisible = 0;
			defaultConfigurationName = Release;
		};
		9F30B8A31C0C34E600B8B66C /* Build configuration list for PBXNativeTarget "IMMSlacker" */ = {
			isa = XCConfigurationList;
			buildConfigurations = (
				9F30B8A41C0C34E600B8B66C /* Debug */,
				9F30B8A51C0C34E600B8B66C /* Release */,
			);
			defaultConfigurationIsVisible = 0;
			defaultConfigurationName = Release;
		};
		9F30B8A61C0C34E600B8B66C /* Build configuration list for PBXNativeTarget "IMMSlackerTests" */ = {
			isa = XCConfigurationList;
			buildConfigurations = (
				9F30B8A71C0C34E600B8B66C /* Debug */,
				9F30B8A81C0C34E600B8B66C /* Release */,
			);
			defaultConfigurationIsVisible = 0;
			defaultConfigurationName = Release;
		};
		9F30B8A91C0C34E600B8B66C /* Build configuration list for PBXNativeTarget "IMMSlackerUITests" */ = {
			isa = XCConfigurationList;
			buildConfigurations = (
				9F30B8AA1C0C34E600B8B66C /* Debug */,
				9F30B8AB1C0C34E600B8B66C /* Release */,
			);
			defaultConfigurationIsVisible = 0;
			defaultConfigurationName = Release;
		};
/* End XCConfigurationList section */
	};
	rootObject = 9F30B8731C0C34E600B8B66C /* Project object */;
}
